// !$*UTF8*$!
{
	archiveVersion = 1;
	classes = {
	};
	objectVersion = 56;
	objects = {

/* Begin PBXBuildFile section */
<<<<<<< HEAD
		7368E4FE29E13F1E006693FF /* UIButton+addShadow().swift in Sources */ = {isa = PBXBuildFile; fileRef = 7368E4FD29E13F1E006693FF /* UIButton+addShadow().swift */; };
		7368E50029E140EF006693FF /* MathType.swift in Sources */ = {isa = PBXBuildFile; fileRef = 7368E4FF29E140EF006693FF /* MathType.swift */; };
		737CAB7A29E16D6E00853B3D /* ButtonPropertiesModel.swift in Sources */ = {isa = PBXBuildFile; fileRef = 737CAB7929E16D6E00853B3D /* ButtonPropertiesModel.swift */; };
		737CAB7C29E16EE100853B3D /* TrainViewModel.swift in Sources */ = {isa = PBXBuildFile; fileRef = 737CAB7B29E16EE100853B3D /* TrainViewModel.swift */; };
=======
		7368E4F329E135E5006693FF /* UIButton+addShadow().swift in Sources */ = {isa = PBXBuildFile; fileRef = 7368E4F229E135E5006693FF /* UIButton+addShadow().swift */; };
		7368E4F629E1377B006693FF /* TrainViewModel.swift in Sources */ = {isa = PBXBuildFile; fileRef = 7368E4F529E1377B006693FF /* TrainViewModel.swift */; };
		7368E4FA29E13821006693FF /* MathTypes.swift in Sources */ = {isa = PBXBuildFile; fileRef = 7368E4F929E13821006693FF /* MathTypes.swift */; };
>>>>>>> 9e10ae8 (Prepare)
		73862CF929D55DED00E2F14C /* AppDelegate.swift in Sources */ = {isa = PBXBuildFile; fileRef = 73862CF829D55DED00E2F14C /* AppDelegate.swift */; };
		73862CFB29D55DED00E2F14C /* SceneDelegate.swift in Sources */ = {isa = PBXBuildFile; fileRef = 73862CFA29D55DED00E2F14C /* SceneDelegate.swift */; };
		73862CFD29D55DED00E2F14C /* ViewController.swift in Sources */ = {isa = PBXBuildFile; fileRef = 73862CFC29D55DED00E2F14C /* ViewController.swift */; };
		73862D0029D55DED00E2F14C /* Main.storyboard in Resources */ = {isa = PBXBuildFile; fileRef = 73862CFE29D55DED00E2F14C /* Main.storyboard */; };
		73862D0229D55DEF00E2F14C /* Assets.xcassets in Resources */ = {isa = PBXBuildFile; fileRef = 73862D0129D55DEF00E2F14C /* Assets.xcassets */; };
		73862D0529D55DEF00E2F14C /* LaunchScreen.storyboard in Resources */ = {isa = PBXBuildFile; fileRef = 73862D0329D55DEF00E2F14C /* LaunchScreen.storyboard */; };
		73A3051729D6058300231106 /* TrainViewController.swift in Sources */ = {isa = PBXBuildFile; fileRef = 73A3051629D6058300231106 /* TrainViewController.swift */; };
		73ADB63129DE7DD70022A97F /* UIColor+HexInit.swift in Sources */ = {isa = PBXBuildFile; fileRef = 73ADB63029DE7DD70022A97F /* UIColor+HexInit.swift */; };
/* End PBXBuildFile section */

/* Begin PBXFileReference section */
<<<<<<< HEAD
		7368E4FD29E13F1E006693FF /* UIButton+addShadow().swift */ = {isa = PBXFileReference; lastKnownFileType = sourcecode.swift; path = "UIButton+addShadow().swift"; sourceTree = "<group>"; };
		7368E4FF29E140EF006693FF /* MathType.swift */ = {isa = PBXFileReference; lastKnownFileType = sourcecode.swift; path = MathType.swift; sourceTree = "<group>"; };
		737CAB7929E16D6E00853B3D /* ButtonPropertiesModel.swift */ = {isa = PBXFileReference; lastKnownFileType = sourcecode.swift; path = ButtonPropertiesModel.swift; sourceTree = "<group>"; };
		737CAB7B29E16EE100853B3D /* TrainViewModel.swift */ = {isa = PBXFileReference; fileEncoding = 4; lastKnownFileType = sourcecode.swift; path = TrainViewModel.swift; sourceTree = "<group>"; };
=======
		7368E4F229E135E5006693FF /* UIButton+addShadow().swift */ = {isa = PBXFileReference; lastKnownFileType = sourcecode.swift; path = "UIButton+addShadow().swift"; sourceTree = "<group>"; };
		7368E4F529E1377B006693FF /* TrainViewModel.swift */ = {isa = PBXFileReference; lastKnownFileType = sourcecode.swift; name = TrainViewModel.swift; path = ../../../../TrainViewModel.swift; sourceTree = "<group>"; };
		7368E4F929E13821006693FF /* MathTypes.swift */ = {isa = PBXFileReference; lastKnownFileType = sourcecode.swift; path = MathTypes.swift; sourceTree = "<group>"; };
>>>>>>> 9e10ae8 (Prepare)
		73862CF529D55DED00E2F14C /* MathTrainer.app */ = {isa = PBXFileReference; explicitFileType = wrapper.application; includeInIndex = 0; path = MathTrainer.app; sourceTree = BUILT_PRODUCTS_DIR; };
		73862CF829D55DED00E2F14C /* AppDelegate.swift */ = {isa = PBXFileReference; lastKnownFileType = sourcecode.swift; path = AppDelegate.swift; sourceTree = "<group>"; };
		73862CFA29D55DED00E2F14C /* SceneDelegate.swift */ = {isa = PBXFileReference; lastKnownFileType = sourcecode.swift; path = SceneDelegate.swift; sourceTree = "<group>"; };
		73862CFC29D55DED00E2F14C /* ViewController.swift */ = {isa = PBXFileReference; lastKnownFileType = sourcecode.swift; path = ViewController.swift; sourceTree = "<group>"; };
		73862CFF29D55DED00E2F14C /* Base */ = {isa = PBXFileReference; lastKnownFileType = file.storyboard; name = Base; path = Base.lproj/Main.storyboard; sourceTree = "<group>"; };
		73862D0129D55DEF00E2F14C /* Assets.xcassets */ = {isa = PBXFileReference; lastKnownFileType = folder.assetcatalog; path = Assets.xcassets; sourceTree = "<group>"; };
		73862D0429D55DEF00E2F14C /* Base */ = {isa = PBXFileReference; lastKnownFileType = file.storyboard; name = Base; path = Base.lproj/LaunchScreen.storyboard; sourceTree = "<group>"; };
		73862D0629D55DEF00E2F14C /* Info.plist */ = {isa = PBXFileReference; lastKnownFileType = text.plist.xml; path = Info.plist; sourceTree = "<group>"; };
		73A3051629D6058300231106 /* TrainViewController.swift */ = {isa = PBXFileReference; lastKnownFileType = sourcecode.swift; path = TrainViewController.swift; sourceTree = "<group>"; };
		73ADB63029DE7DD70022A97F /* UIColor+HexInit.swift */ = {isa = PBXFileReference; lastKnownFileType = sourcecode.swift; path = "UIColor+HexInit.swift"; sourceTree = "<group>"; };
/* End PBXFileReference section */

/* Begin PBXFrameworksBuildPhase section */
		73862CF229D55DED00E2F14C /* Frameworks */ = {
			isa = PBXFrameworksBuildPhase;
			buildActionMask = 2147483647;
			files = (
			);
			runOnlyForDeploymentPostprocessing = 0;
		};
/* End PBXFrameworksBuildPhase section */

/* Begin PBXGroup section */
<<<<<<< HEAD
		7368E4FC29E13DA0006693FF /* Types */ = {
			isa = PBXGroup;
			children = (
				7368E4FF29E140EF006693FF /* MathType.swift */,
			);
			path = Types;
			sourceTree = "<group>";
		};
		7368E50129E14188006693FF /* Train */ = {
			isa = PBXGroup;
			children = (
				737CAB7B29E16EE100853B3D /* TrainViewModel.swift */,
				73A3051629D6058300231106 /* TrainViewController.swift */,
=======
		7368E4F429E13752006693FF /* Train */ = {
			isa = PBXGroup;
			children = (
				73A3051629D6058300231106 /* TrainViewController.swift */,
				7368E4F529E1377B006693FF /* TrainViewModel.swift */,
>>>>>>> 9e10ae8 (Prepare)
			);
			path = Train;
			sourceTree = "<group>";
		};
<<<<<<< HEAD
		737CAB7629E16CEA00853B3D /* Models */ = {
			isa = PBXGroup;
			children = (
				737CAB7929E16D6E00853B3D /* ButtonPropertiesModel.swift */,
			);
			path = Models;
=======
		7368E4F829E13809006693FF /* Types */ = {
			isa = PBXGroup;
			children = (
				7368E4F929E13821006693FF /* MathTypes.swift */,
			);
			path = Types;
>>>>>>> 9e10ae8 (Prepare)
			sourceTree = "<group>";
		};
		73862CEC29D55DED00E2F14C = {
			isa = PBXGroup;
			children = (
				73862CF729D55DED00E2F14C /* MathTrainer */,
				73862CF629D55DED00E2F14C /* Products */,
			);
			sourceTree = "<group>";
		};
		73862CF629D55DED00E2F14C /* Products */ = {
			isa = PBXGroup;
			children = (
				73862CF529D55DED00E2F14C /* MathTrainer.app */,
			);
			name = Products;
			sourceTree = "<group>";
		};
		73862CF729D55DED00E2F14C /* MathTrainer */ = {
			isa = PBXGroup;
			children = (
<<<<<<< HEAD
				737CAB7629E16CEA00853B3D /* Models */,
				7368E50129E14188006693FF /* Train */,
=======
				7368E4F829E13809006693FF /* Types */,
>>>>>>> 9e10ae8 (Prepare)
				73ADB63229DE7E100022A97F /* Extensions */,
				73862CF829D55DED00E2F14C /* AppDelegate.swift */,
				7368E4F429E13752006693FF /* Train */,
				73862CFA29D55DED00E2F14C /* SceneDelegate.swift */,
				73862CFC29D55DED00E2F14C /* ViewController.swift */,
				73862CFE29D55DED00E2F14C /* Main.storyboard */,
<<<<<<< HEAD
				7368E4FC29E13DA0006693FF /* Types */,
=======
>>>>>>> 9e10ae8 (Prepare)
				73862D0129D55DEF00E2F14C /* Assets.xcassets */,
				73862D0329D55DEF00E2F14C /* LaunchScreen.storyboard */,
				73862D0629D55DEF00E2F14C /* Info.plist */,
			);
			path = MathTrainer;
			sourceTree = "<group>";
		};
		73ADB63229DE7E100022A97F /* Extensions */ = {
			isa = PBXGroup;
			children = (
				73ADB63029DE7DD70022A97F /* UIColor+HexInit.swift */,
<<<<<<< HEAD
				7368E4FD29E13F1E006693FF /* UIButton+addShadow().swift */,
=======
				7368E4F229E135E5006693FF /* UIButton+addShadow().swift */,
>>>>>>> 9e10ae8 (Prepare)
			);
			name = Extensions;
			path = ../Extensions;
			sourceTree = "<group>";
		};
/* End PBXGroup section */

/* Begin PBXNativeTarget section */
		73862CF429D55DED00E2F14C /* MathTrainer */ = {
			isa = PBXNativeTarget;
			buildConfigurationList = 73862D0929D55DEF00E2F14C /* Build configuration list for PBXNativeTarget "MathTrainer" */;
			buildPhases = (
				73862CF129D55DED00E2F14C /* Sources */,
				73862CF229D55DED00E2F14C /* Frameworks */,
				73862CF329D55DED00E2F14C /* Resources */,
			);
			buildRules = (
			);
			dependencies = (
			);
			name = MathTrainer;
			productName = MathTrainer;
			productReference = 73862CF529D55DED00E2F14C /* MathTrainer.app */;
			productType = "com.apple.product-type.application";
		};
/* End PBXNativeTarget section */

/* Begin PBXProject section */
		73862CED29D55DED00E2F14C /* Project object */ = {
			isa = PBXProject;
			attributes = {
				BuildIndependentTargetsInParallel = 1;
				LastSwiftUpdateCheck = 1420;
				LastUpgradeCheck = 1420;
				TargetAttributes = {
					73862CF429D55DED00E2F14C = {
						CreatedOnToolsVersion = 14.2;
					};
				};
			};
			buildConfigurationList = 73862CF029D55DED00E2F14C /* Build configuration list for PBXProject "MathTrainer" */;
			compatibilityVersion = "Xcode 14.0";
			developmentRegion = en;
			hasScannedForEncodings = 0;
			knownRegions = (
				en,
				Base,
			);
			mainGroup = 73862CEC29D55DED00E2F14C;
			productRefGroup = 73862CF629D55DED00E2F14C /* Products */;
			projectDirPath = "";
			projectRoot = "";
			targets = (
				73862CF429D55DED00E2F14C /* MathTrainer */,
			);
		};
/* End PBXProject section */

/* Begin PBXResourcesBuildPhase section */
		73862CF329D55DED00E2F14C /* Resources */ = {
			isa = PBXResourcesBuildPhase;
			buildActionMask = 2147483647;
			files = (
				73862D0529D55DEF00E2F14C /* LaunchScreen.storyboard in Resources */,
				73862D0229D55DEF00E2F14C /* Assets.xcassets in Resources */,
				73862D0029D55DED00E2F14C /* Main.storyboard in Resources */,
			);
			runOnlyForDeploymentPostprocessing = 0;
		};
/* End PBXResourcesBuildPhase section */

/* Begin PBXSourcesBuildPhase section */
		73862CF129D55DED00E2F14C /* Sources */ = {
			isa = PBXSourcesBuildPhase;
			buildActionMask = 2147483647;
			files = (
				737CAB7C29E16EE100853B3D /* TrainViewModel.swift in Sources */,
				73ADB63129DE7DD70022A97F /* UIColor+HexInit.swift in Sources */,
<<<<<<< HEAD
				7368E50029E140EF006693FF /* MathType.swift in Sources */,
				73862CFD29D55DED00E2F14C /* ViewController.swift in Sources */,
				7368E4FE29E13F1E006693FF /* UIButton+addShadow().swift in Sources */,
=======
				7368E4FA29E13821006693FF /* MathTypes.swift in Sources */,
				73862CFD29D55DED00E2F14C /* ViewController.swift in Sources */,
				7368E4F629E1377B006693FF /* TrainViewModel.swift in Sources */,
				7368E4F329E135E5006693FF /* UIButton+addShadow().swift in Sources */,
>>>>>>> 9e10ae8 (Prepare)
				73A3051729D6058300231106 /* TrainViewController.swift in Sources */,
				73862CF929D55DED00E2F14C /* AppDelegate.swift in Sources */,
				737CAB7A29E16D6E00853B3D /* ButtonPropertiesModel.swift in Sources */,
				73862CFB29D55DED00E2F14C /* SceneDelegate.swift in Sources */,
			);
			runOnlyForDeploymentPostprocessing = 0;
		};
/* End PBXSourcesBuildPhase section */

/* Begin PBXVariantGroup section */
		73862CFE29D55DED00E2F14C /* Main.storyboard */ = {
			isa = PBXVariantGroup;
			children = (
				73862CFF29D55DED00E2F14C /* Base */,
			);
			name = Main.storyboard;
			sourceTree = "<group>";
		};
		73862D0329D55DEF00E2F14C /* LaunchScreen.storyboard */ = {
			isa = PBXVariantGroup;
			children = (
				73862D0429D55DEF00E2F14C /* Base */,
			);
			name = LaunchScreen.storyboard;
			sourceTree = "<group>";
		};
/* End PBXVariantGroup section */

/* Begin XCBuildConfiguration section */
		73862D0729D55DEF00E2F14C /* Debug */ = {
			isa = XCBuildConfiguration;
			buildSettings = {
				ALWAYS_SEARCH_USER_PATHS = NO;
				CLANG_ANALYZER_NONNULL = YES;
				CLANG_ANALYZER_NUMBER_OBJECT_CONVERSION = YES_AGGRESSIVE;
				CLANG_CXX_LANGUAGE_STANDARD = "gnu++20";
				CLANG_ENABLE_MODULES = YES;
				CLANG_ENABLE_OBJC_ARC = YES;
				CLANG_ENABLE_OBJC_WEAK = YES;
				CLANG_WARN_BLOCK_CAPTURE_AUTORELEASING = YES;
				CLANG_WARN_BOOL_CONVERSION = YES;
				CLANG_WARN_COMMA = YES;
				CLANG_WARN_CONSTANT_CONVERSION = YES;
				CLANG_WARN_DEPRECATED_OBJC_IMPLEMENTATIONS = YES;
				CLANG_WARN_DIRECT_OBJC_ISA_USAGE = YES_ERROR;
				CLANG_WARN_DOCUMENTATION_COMMENTS = YES;
				CLANG_WARN_EMPTY_BODY = YES;
				CLANG_WARN_ENUM_CONVERSION = YES;
				CLANG_WARN_INFINITE_RECURSION = YES;
				CLANG_WARN_INT_CONVERSION = YES;
				CLANG_WARN_NON_LITERAL_NULL_CONVERSION = YES;
				CLANG_WARN_OBJC_IMPLICIT_RETAIN_SELF = YES;
				CLANG_WARN_OBJC_LITERAL_CONVERSION = YES;
				CLANG_WARN_OBJC_ROOT_CLASS = YES_ERROR;
				CLANG_WARN_QUOTED_INCLUDE_IN_FRAMEWORK_HEADER = YES;
				CLANG_WARN_RANGE_LOOP_ANALYSIS = YES;
				CLANG_WARN_STRICT_PROTOTYPES = YES;
				CLANG_WARN_SUSPICIOUS_MOVE = YES;
				CLANG_WARN_UNGUARDED_AVAILABILITY = YES_AGGRESSIVE;
				CLANG_WARN_UNREACHABLE_CODE = YES;
				CLANG_WARN__DUPLICATE_METHOD_MATCH = YES;
				COPY_PHASE_STRIP = NO;
				DEBUG_INFORMATION_FORMAT = dwarf;
				ENABLE_STRICT_OBJC_MSGSEND = YES;
				ENABLE_TESTABILITY = YES;
				GCC_C_LANGUAGE_STANDARD = gnu11;
				GCC_DYNAMIC_NO_PIC = NO;
				GCC_NO_COMMON_BLOCKS = YES;
				GCC_OPTIMIZATION_LEVEL = 0;
				GCC_PREPROCESSOR_DEFINITIONS = (
					"DEBUG=1",
					"$(inherited)",
				);
				GCC_WARN_64_TO_32_BIT_CONVERSION = YES;
				GCC_WARN_ABOUT_RETURN_TYPE = YES_ERROR;
				GCC_WARN_UNDECLARED_SELECTOR = YES;
				GCC_WARN_UNINITIALIZED_AUTOS = YES_AGGRESSIVE;
				GCC_WARN_UNUSED_FUNCTION = YES;
				GCC_WARN_UNUSED_VARIABLE = YES;
				IPHONEOS_DEPLOYMENT_TARGET = 16.2;
				MTL_ENABLE_DEBUG_INFO = INCLUDE_SOURCE;
				MTL_FAST_MATH = YES;
				ONLY_ACTIVE_ARCH = YES;
				SDKROOT = iphoneos;
				SWIFT_ACTIVE_COMPILATION_CONDITIONS = DEBUG;
				SWIFT_OPTIMIZATION_LEVEL = "-Onone";
			};
			name = Debug;
		};
		73862D0829D55DEF00E2F14C /* Release */ = {
			isa = XCBuildConfiguration;
			buildSettings = {
				ALWAYS_SEARCH_USER_PATHS = NO;
				CLANG_ANALYZER_NONNULL = YES;
				CLANG_ANALYZER_NUMBER_OBJECT_CONVERSION = YES_AGGRESSIVE;
				CLANG_CXX_LANGUAGE_STANDARD = "gnu++20";
				CLANG_ENABLE_MODULES = YES;
				CLANG_ENABLE_OBJC_ARC = YES;
				CLANG_ENABLE_OBJC_WEAK = YES;
				CLANG_WARN_BLOCK_CAPTURE_AUTORELEASING = YES;
				CLANG_WARN_BOOL_CONVERSION = YES;
				CLANG_WARN_COMMA = YES;
				CLANG_WARN_CONSTANT_CONVERSION = YES;
				CLANG_WARN_DEPRECATED_OBJC_IMPLEMENTATIONS = YES;
				CLANG_WARN_DIRECT_OBJC_ISA_USAGE = YES_ERROR;
				CLANG_WARN_DOCUMENTATION_COMMENTS = YES;
				CLANG_WARN_EMPTY_BODY = YES;
				CLANG_WARN_ENUM_CONVERSION = YES;
				CLANG_WARN_INFINITE_RECURSION = YES;
				CLANG_WARN_INT_CONVERSION = YES;
				CLANG_WARN_NON_LITERAL_NULL_CONVERSION = YES;
				CLANG_WARN_OBJC_IMPLICIT_RETAIN_SELF = YES;
				CLANG_WARN_OBJC_LITERAL_CONVERSION = YES;
				CLANG_WARN_OBJC_ROOT_CLASS = YES_ERROR;
				CLANG_WARN_QUOTED_INCLUDE_IN_FRAMEWORK_HEADER = YES;
				CLANG_WARN_RANGE_LOOP_ANALYSIS = YES;
				CLANG_WARN_STRICT_PROTOTYPES = YES;
				CLANG_WARN_SUSPICIOUS_MOVE = YES;
				CLANG_WARN_UNGUARDED_AVAILABILITY = YES_AGGRESSIVE;
				CLANG_WARN_UNREACHABLE_CODE = YES;
				CLANG_WARN__DUPLICATE_METHOD_MATCH = YES;
				COPY_PHASE_STRIP = NO;
				DEBUG_INFORMATION_FORMAT = "dwarf-with-dsym";
				ENABLE_NS_ASSERTIONS = NO;
				ENABLE_STRICT_OBJC_MSGSEND = YES;
				GCC_C_LANGUAGE_STANDARD = gnu11;
				GCC_NO_COMMON_BLOCKS = YES;
				GCC_WARN_64_TO_32_BIT_CONVERSION = YES;
				GCC_WARN_ABOUT_RETURN_TYPE = YES_ERROR;
				GCC_WARN_UNDECLARED_SELECTOR = YES;
				GCC_WARN_UNINITIALIZED_AUTOS = YES_AGGRESSIVE;
				GCC_WARN_UNUSED_FUNCTION = YES;
				GCC_WARN_UNUSED_VARIABLE = YES;
				IPHONEOS_DEPLOYMENT_TARGET = 16.2;
				MTL_ENABLE_DEBUG_INFO = NO;
				MTL_FAST_MATH = YES;
				SDKROOT = iphoneos;
				SWIFT_COMPILATION_MODE = wholemodule;
				SWIFT_OPTIMIZATION_LEVEL = "-O";
				VALIDATE_PRODUCT = YES;
			};
			name = Release;
		};
		73862D0A29D55DEF00E2F14C /* Debug */ = {
			isa = XCBuildConfiguration;
			buildSettings = {
				ASSETCATALOG_COMPILER_APPICON_NAME = AppIcon;
				ASSETCATALOG_COMPILER_GLOBAL_ACCENT_COLOR_NAME = AccentColor;
				CODE_SIGN_STYLE = Automatic;
				CURRENT_PROJECT_VERSION = 1;
				DEVELOPMENT_TEAM = NWG2G9JHN2;
				GENERATE_INFOPLIST_FILE = YES;
				INFOPLIST_FILE = MathTrainer/Info.plist;
				INFOPLIST_KEY_UIApplicationSupportsIndirectInputEvents = YES;
				INFOPLIST_KEY_UILaunchStoryboardName = LaunchScreen;
				INFOPLIST_KEY_UIMainStoryboardFile = Main;
				INFOPLIST_KEY_UISupportedInterfaceOrientations = UIInterfaceOrientationPortrait;
				INFOPLIST_KEY_UISupportedInterfaceOrientations_iPad = "UIInterfaceOrientationLandscapeLeft UIInterfaceOrientationLandscapeRight UIInterfaceOrientationPortrait UIInterfaceOrientationPortraitUpsideDown";
				IPHONEOS_DEPLOYMENT_TARGET = 16.0;
				LD_RUNPATH_SEARCH_PATHS = (
					"$(inherited)",
					"@executable_path/Frameworks",
				);
				MARKETING_VERSION = 1.0;
				PRODUCT_BUNDLE_IDENTIFIER = ExPoSeS.MathTrainer;
				PRODUCT_NAME = "$(TARGET_NAME)";
				SWIFT_EMIT_LOC_STRINGS = YES;
				SWIFT_VERSION = 5.0;
				TARGETED_DEVICE_FAMILY = "1,2";
			};
			name = Debug;
		};
		73862D0B29D55DEF00E2F14C /* Release */ = {
			isa = XCBuildConfiguration;
			buildSettings = {
				ASSETCATALOG_COMPILER_APPICON_NAME = AppIcon;
				ASSETCATALOG_COMPILER_GLOBAL_ACCENT_COLOR_NAME = AccentColor;
				CODE_SIGN_STYLE = Automatic;
				CURRENT_PROJECT_VERSION = 1;
				DEVELOPMENT_TEAM = NWG2G9JHN2;
				GENERATE_INFOPLIST_FILE = YES;
				INFOPLIST_FILE = MathTrainer/Info.plist;
				INFOPLIST_KEY_UIApplicationSupportsIndirectInputEvents = YES;
				INFOPLIST_KEY_UILaunchStoryboardName = LaunchScreen;
				INFOPLIST_KEY_UIMainStoryboardFile = Main;
				INFOPLIST_KEY_UISupportedInterfaceOrientations = UIInterfaceOrientationPortrait;
				INFOPLIST_KEY_UISupportedInterfaceOrientations_iPad = "UIInterfaceOrientationLandscapeLeft UIInterfaceOrientationLandscapeRight UIInterfaceOrientationPortrait UIInterfaceOrientationPortraitUpsideDown";
				IPHONEOS_DEPLOYMENT_TARGET = 16.0;
				LD_RUNPATH_SEARCH_PATHS = (
					"$(inherited)",
					"@executable_path/Frameworks",
				);
				MARKETING_VERSION = 1.0;
				PRODUCT_BUNDLE_IDENTIFIER = ExPoSeS.MathTrainer;
				PRODUCT_NAME = "$(TARGET_NAME)";
				SWIFT_EMIT_LOC_STRINGS = YES;
				SWIFT_VERSION = 5.0;
				TARGETED_DEVICE_FAMILY = "1,2";
			};
			name = Release;
		};
/* End XCBuildConfiguration section */

/* Begin XCConfigurationList section */
		73862CF029D55DED00E2F14C /* Build configuration list for PBXProject "MathTrainer" */ = {
			isa = XCConfigurationList;
			buildConfigurations = (
				73862D0729D55DEF00E2F14C /* Debug */,
				73862D0829D55DEF00E2F14C /* Release */,
			);
			defaultConfigurationIsVisible = 0;
			defaultConfigurationName = Release;
		};
		73862D0929D55DEF00E2F14C /* Build configuration list for PBXNativeTarget "MathTrainer" */ = {
			isa = XCConfigurationList;
			buildConfigurations = (
				73862D0A29D55DEF00E2F14C /* Debug */,
				73862D0B29D55DEF00E2F14C /* Release */,
			);
			defaultConfigurationIsVisible = 0;
			defaultConfigurationName = Release;
		};
/* End XCConfigurationList section */
	};
	rootObject = 73862CED29D55DED00E2F14C /* Project object */;
}
